// !$*UTF8*$!
{
	archiveVersion = 1;
	classes = {
	};
	objectVersion = 56;
	objects = {

/* Begin PBXBuildFile section */
		5C35752E2D40625300A11C2C /* Localizable.xcstrings in Resources */ = {isa = PBXBuildFile; fileRef = 5C35752D2D40625300A11C2C /* Localizable.xcstrings */; };
		5C3575302D4064A300A11C2C /* AnimalPictureView.swift in Sources */ = {isa = PBXBuildFile; fileRef = 5C35752F2D4064A300A11C2C /* AnimalPictureView.swift */; };
		5C3575322D40801100A11C2C /* MainScreenView.swift in Sources */ = {isa = PBXBuildFile; fileRef = 5C3575312D40801100A11C2C /* MainScreenView.swift */; };
		CE73C4202D41573D0083A50F /* AddPetFormView.swift in Sources */ = {isa = PBXBuildFile; fileRef = CE73C41F2D41573D0083A50F /* AddPetFormView.swift */; };
		CE73C4312D415C9E0083A50F /* Localizable.strings in Resources */ = {isa = PBXBuildFile; fileRef = CE73C42F2D415C9E0083A50F /* Localizable.strings */; };
		CE73C43D2D41610A0083A50F /* PetsModel.xcdatamodeld in Sources */ = {isa = PBXBuildFile; fileRef = CE73C43B2D41610A0083A50F /* PetsModel.xcdatamodeld */; };
		CE73C4402D416A960083A50F /* Localizable.strings in Resources */ = {isa = PBXBuildFile; fileRef = CE73C4422D416A960083A50F /* Localizable.strings */; };
		CEA77F642D3EAA8700A67818 /* MyPetsAppApp.swift in Sources */ = {isa = PBXBuildFile; fileRef = CEA77F632D3EAA8700A67818 /* MyPetsAppApp.swift */; };
		CEA77F662D3EAA8700A67818 /* ContentView.swift in Sources */ = {isa = PBXBuildFile; fileRef = CEA77F652D3EAA8700A67818 /* ContentView.swift */; };
		CEA77F682D3EAA8800A67818 /* Assets.xcassets in Resources */ = {isa = PBXBuildFile; fileRef = CEA77F672D3EAA8800A67818 /* Assets.xcassets */; };
		CEA77F6B2D3EAA8800A67818 /* Preview Assets.xcassets in Resources */ = {isa = PBXBuildFile; fileRef = CEA77F6A2D3EAA8800A67818 /* Preview Assets.xcassets */; };
/* End PBXBuildFile section */

/* Begin PBXFileReference section */
		5C35752D2D40625300A11C2C /* Localizable.xcstrings */ = {isa = PBXFileReference; lastKnownFileType = text; path = Localizable.xcstrings; sourceTree = "<group>"; };
		5C35752F2D4064A300A11C2C /* AnimalPictureView.swift */ = {isa = PBXFileReference; lastKnownFileType = sourcecode.swift; path = AnimalPictureView.swift; sourceTree = "<group>"; };
		5C3575312D40801100A11C2C /* MainScreenView.swift */ = {isa = PBXFileReference; lastKnownFileType = sourcecode.swift; path = MainScreenView.swift; sourceTree = "<group>"; };
		CE73C41F2D41573D0083A50F /* AddPetFormView.swift */ = {isa = PBXFileReference; lastKnownFileType = sourcecode.swift; path = AddPetFormView.swift; sourceTree = "<group>"; };
		CE73C4302D415C9E0083A50F /* de */ = {isa = PBXFileReference; lastKnownFileType = text.plist.strings; name = de; path = de.lproj/Localizable.strings; sourceTree = "<group>"; };
		CE73C43C2D41610A0083A50F /* Model.xcdatamodel */ = {isa = PBXFileReference; lastKnownFileType = wrapper.xcdatamodel; path = Model.xcdatamodel; sourceTree = "<group>"; };
		CE73C4412D416A960083A50F /* en */ = {isa = PBXFileReference; lastKnownFileType = text.plist.strings; name = en; path = en.lproj/Localizable.strings; sourceTree = "<group>"; };
		CEA77F602D3EAA8700A67818 /* MyPetsApp.app */ = {isa = PBXFileReference; explicitFileType = wrapper.application; includeInIndex = 0; path = MyPetsApp.app; sourceTree = BUILT_PRODUCTS_DIR; };
		CEA77F632D3EAA8700A67818 /* MyPetsAppApp.swift */ = {isa = PBXFileReference; lastKnownFileType = sourcecode.swift; path = MyPetsAppApp.swift; sourceTree = "<group>"; };
		CEA77F652D3EAA8700A67818 /* ContentView.swift */ = {isa = PBXFileReference; lastKnownFileType = sourcecode.swift; path = ContentView.swift; sourceTree = "<group>"; };
		CEA77F672D3EAA8800A67818 /* Assets.xcassets */ = {isa = PBXFileReference; lastKnownFileType = folder.assetcatalog; path = Assets.xcassets; sourceTree = "<group>"; };
		CEA77F6A2D3EAA8800A67818 /* Preview Assets.xcassets */ = {isa = PBXFileReference; lastKnownFileType = folder.assetcatalog; path = "Preview Assets.xcassets"; sourceTree = "<group>"; };
/* End PBXFileReference section */

/* Begin PBXFrameworksBuildPhase section */
		CEA77F5D2D3EAA8700A67818 /* Frameworks */ = {
			isa = PBXFrameworksBuildPhase;
			buildActionMask = 2147483647;
			files = (
			);
			runOnlyForDeploymentPostprocessing = 0;
		};
/* End PBXFrameworksBuildPhase section */

/* Begin PBXGroup section */
		CE73C4382D415F130083A50F /* data */ = {
			isa = PBXGroup;
			children = (
				CE73C43B2D41610A0083A50F /* PetsModel.xcdatamodeld */,
			);
			path = data;
			sourceTree = "<group>";
		};
		CE73C4392D415F420083A50F /* petDetails */ = {
			isa = PBXGroup;
			children = (
				5C35752F2D4064A300A11C2C /* AnimalPictureView.swift */,
			);
			path = petDetails;
			sourceTree = "<group>";
		};
		CE73C43A2D415F630083A50F /* form */ = {
			isa = PBXGroup;
			children = (
				CE73C41F2D41573D0083A50F /* AddPetFormView.swift */,
			);
			path = form;
			sourceTree = "<group>";
		};
		CEA77F572D3EAA8700A67818 = {
			isa = PBXGroup;
			children = (
				CEA77F622D3EAA8700A67818 /* MyPetsApp */,
				CEA77F612D3EAA8700A67818 /* Products */,
			);
			sourceTree = "<group>";
		};
		CEA77F612D3EAA8700A67818 /* Products */ = {
			isa = PBXGroup;
			children = (
				CEA77F602D3EAA8700A67818 /* MyPetsApp.app */,
			);
			name = Products;
			sourceTree = "<group>";
		};
		CEA77F622D3EAA8700A67818 /* MyPetsApp */ = {
			isa = PBXGroup;
			children = (
				CE73C43A2D415F630083A50F /* form */,
				CE73C4392D415F420083A50F /* petDetails */,
				CE73C4382D415F130083A50F /* data */,
				CE73C42F2D415C9E0083A50F /* Localizable.strings */,
				CE73C4422D416A960083A50F /* Localizable.strings */,
				CEA77F632D3EAA8700A67818 /* MyPetsAppApp.swift */,
				5C3575312D40801100A11C2C /* MainScreenView.swift */,
				CEA77F652D3EAA8700A67818 /* ContentView.swift */,
				CEA77F672D3EAA8800A67818 /* Assets.xcassets */,
				CEA77F692D3EAA8800A67818 /* Preview Content */,
				5C35752D2D40625300A11C2C /* Localizable.xcstrings */,
			);
			path = MyPetsApp;
			sourceTree = "<group>";
		};
		CEA77F692D3EAA8800A67818 /* Preview Content */ = {
			isa = PBXGroup;
			children = (
				CEA77F6A2D3EAA8800A67818 /* Preview Assets.xcassets */,
			);
			path = "Preview Content";
			sourceTree = "<group>";
		};
/* End PBXGroup section */

/* Begin PBXNativeTarget section */
		CEA77F5F2D3EAA8700A67818 /* MyPetsApp */ = {
			isa = PBXNativeTarget;
			buildConfigurationList = CEA77F6E2D3EAA8800A67818 /* Build configuration list for PBXNativeTarget "MyPetsApp" */;
			buildPhases = (
				CEA77F5C2D3EAA8700A67818 /* Sources */,
				CEA77F5D2D3EAA8700A67818 /* Frameworks */,
				CEA77F5E2D3EAA8700A67818 /* Resources */,
			);
			buildRules = (
			);
			dependencies = (
			);
			name = MyPetsApp;
			productName = MyPetsApp;
			productReference = CEA77F602D3EAA8700A67818 /* MyPetsApp.app */;
			productType = "com.apple.product-type.application";
		};
/* End PBXNativeTarget section */

/* Begin PBXProject section */
		CEA77F582D3EAA8700A67818 /* Project object */ = {
			isa = PBXProject;
			attributes = {
				BuildIndependentTargetsInParallel = 1;
				LastSwiftUpdateCheck = 1420;
				LastUpgradeCheck = 1420;
				TargetAttributes = {
					CEA77F5F2D3EAA8700A67818 = {
						CreatedOnToolsVersion = 14.2;
					};
				};
			};
			buildConfigurationList = CEA77F5B2D3EAA8700A67818 /* Build configuration list for PBXProject "MyPetsApp" */;
			compatibilityVersion = "Xcode 14.0";
			developmentRegion = en;
			hasScannedForEncodings = 0;
			knownRegions = (
				en,
				Base,
				de,
			);
			mainGroup = CEA77F572D3EAA8700A67818;
			productRefGroup = CEA77F612D3EAA8700A67818 /* Products */;
			projectDirPath = "";
			projectRoot = "";
			targets = (
				CEA77F5F2D3EAA8700A67818 /* MyPetsApp */,
			);
		};
/* End PBXProject section */

/* Begin PBXResourcesBuildPhase section */
		CEA77F5E2D3EAA8700A67818 /* Resources */ = {
			isa = PBXResourcesBuildPhase;
			buildActionMask = 2147483647;
			files = (
				CE73C4402D416A960083A50F /* Localizable.strings in Resources */,
				CEA77F6B2D3EAA8800A67818 /* Preview Assets.xcassets in Resources */,
				CE73C4312D415C9E0083A50F /* Localizable.strings in Resources */,
				CEA77F682D3EAA8800A67818 /* Assets.xcassets in Resources */,
				5C35752E2D40625300A11C2C /* Localizable.xcstrings in Resources */,
			);
			runOnlyForDeploymentPostprocessing = 0;
		};
/* End PBXResourcesBuildPhase section */

/* Begin PBXSourcesBuildPhase section */
		CEA77F5C2D3EAA8700A67818 /* Sources */ = {
			isa = PBXSourcesBuildPhase;
			buildActionMask = 2147483647;
			files = (
				CE73C4202D41573D0083A50F /* AddPetFormView.swift in Sources */,
				5C3575302D4064A300A11C2C /* AnimalPictureView.swift in Sources */,
				CEA77F662D3EAA8700A67818 /* ContentView.swift in Sources */,
				CEA77F642D3EAA8700A67818 /* MyPetsAppApp.swift in Sources */,
				5C3575322D40801100A11C2C /* MainScreenView.swift in Sources */,
				CE73C43D2D41610A0083A50F /* PetsModel.xcdatamodeld in Sources */,
			);
			runOnlyForDeploymentPostprocessing = 0;
		};
/* End PBXSourcesBuildPhase section */

/* Begin PBXVariantGroup section */
		CE73C42F2D415C9E0083A50F /* Localizable.strings */ = {
			isa = PBXVariantGroup;
			children = (
				CE73C4302D415C9E0083A50F /* de */,
			);
			name = Localizable.strings;
			sourceTree = "<group>";
		};
		CE73C4422D416A960083A50F /* Localizable.strings */ = {
			isa = PBXVariantGroup;
			children = (
				CE73C4412D416A960083A50F /* en */,
			);
			name = Localizable.strings;
			sourceTree = "<group>";
		};
/* End PBXVariantGroup section */

/* Begin XCBuildConfiguration section */
		CEA77F6C2D3EAA8800A67818 /* Debug */ = {
			isa = XCBuildConfiguration;
			buildSettings = {
				ALWAYS_SEARCH_USER_PATHS = NO;
				CLANG_ANALYZER_NONNULL = YES;
				CLANG_ANALYZER_NUMBER_OBJECT_CONVERSION = YES_AGGRESSIVE;
				CLANG_CXX_LANGUAGE_STANDARD = "gnu++20";
				CLANG_ENABLE_MODULES = YES;
				CLANG_ENABLE_OBJC_ARC = YES;
				CLANG_ENABLE_OBJC_WEAK = YES;
				CLANG_WARN_BLOCK_CAPTURE_AUTORELEASING = YES;
				CLANG_WARN_BOOL_CONVERSION = YES;
				CLANG_WARN_COMMA = YES;
				CLANG_WARN_CONSTANT_CONVERSION = YES;
				CLANG_WARN_DEPRECATED_OBJC_IMPLEMENTATIONS = YES;
				CLANG_WARN_DIRECT_OBJC_ISA_USAGE = YES_ERROR;
				CLANG_WARN_DOCUMENTATION_COMMENTS = YES;
				CLANG_WARN_EMPTY_BODY = YES;
				CLANG_WARN_ENUM_CONVERSION = YES;
				CLANG_WARN_INFINITE_RECURSION = YES;
				CLANG_WARN_INT_CONVERSION = YES;
				CLANG_WARN_NON_LITERAL_NULL_CONVERSION = YES;
				CLANG_WARN_OBJC_IMPLICIT_RETAIN_SELF = YES;
				CLANG_WARN_OBJC_LITERAL_CONVERSION = YES;
				CLANG_WARN_OBJC_ROOT_CLASS = YES_ERROR;
				CLANG_WARN_QUOTED_INCLUDE_IN_FRAMEWORK_HEADER = YES;
				CLANG_WARN_RANGE_LOOP_ANALYSIS = YES;
				CLANG_WARN_STRICT_PROTOTYPES = YES;
				CLANG_WARN_SUSPICIOUS_MOVE = YES;
				CLANG_WARN_UNGUARDED_AVAILABILITY = YES_AGGRESSIVE;
				CLANG_WARN_UNREACHABLE_CODE = YES;
				CLANG_WARN__DUPLICATE_METHOD_MATCH = YES;
				COPY_PHASE_STRIP = NO;
				DEBUG_INFORMATION_FORMAT = dwarf;
				ENABLE_STRICT_OBJC_MSGSEND = YES;
				ENABLE_TESTABILITY = YES;
				GCC_C_LANGUAGE_STANDARD = gnu11;
				GCC_DYNAMIC_NO_PIC = NO;
				GCC_NO_COMMON_BLOCKS = YES;
				GCC_OPTIMIZATION_LEVEL = 0;
				GCC_PREPROCESSOR_DEFINITIONS = (
					"DEBUG=1",
					"$(inherited)",
				);
				GCC_WARN_64_TO_32_BIT_CONVERSION = YES;
				GCC_WARN_ABOUT_RETURN_TYPE = YES_ERROR;
				GCC_WARN_UNDECLARED_SELECTOR = YES;
				GCC_WARN_UNINITIALIZED_AUTOS = YES_AGGRESSIVE;
				GCC_WARN_UNUSED_FUNCTION = YES;
				GCC_WARN_UNUSED_VARIABLE = YES;
				IPHONEOS_DEPLOYMENT_TARGET = 16.2;
				MTL_ENABLE_DEBUG_INFO = INCLUDE_SOURCE;
				MTL_FAST_MATH = YES;
				ONLY_ACTIVE_ARCH = YES;
				SDKROOT = iphoneos;
				SWIFT_ACTIVE_COMPILATION_CONDITIONS = DEBUG;
				SWIFT_OPTIMIZATION_LEVEL = "-Onone";
			};
			name = Debug;
		};
		CEA77F6D2D3EAA8800A67818 /* Release */ = {
			isa = XCBuildConfiguration;
			buildSettings = {
				ALWAYS_SEARCH_USER_PATHS = NO;
				CLANG_ANALYZER_NONNULL = YES;
				CLANG_ANALYZER_NUMBER_OBJECT_CONVERSION = YES_AGGRESSIVE;
				CLANG_CXX_LANGUAGE_STANDARD = "gnu++20";
				CLANG_ENABLE_MODULES = YES;
				CLANG_ENABLE_OBJC_ARC = YES;
				CLANG_ENABLE_OBJC_WEAK = YES;
				CLANG_WARN_BLOCK_CAPTURE_AUTORELEASING = YES;
				CLANG_WARN_BOOL_CONVERSION = YES;
				CLANG_WARN_COMMA = YES;
				CLANG_WARN_CONSTANT_CONVERSION = YES;
				CLANG_WARN_DEPRECATED_OBJC_IMPLEMENTATIONS = YES;
				CLANG_WARN_DIRECT_OBJC_ISA_USAGE = YES_ERROR;
				CLANG_WARN_DOCUMENTATION_COMMENTS = YES;
				CLANG_WARN_EMPTY_BODY = YES;
				CLANG_WARN_ENUM_CONVERSION = YES;
				CLANG_WARN_INFINITE_RECURSION = YES;
				CLANG_WARN_INT_CONVERSION = YES;
				CLANG_WARN_NON_LITERAL_NULL_CONVERSION = YES;
				CLANG_WARN_OBJC_IMPLICIT_RETAIN_SELF = YES;
				CLANG_WARN_OBJC_LITERAL_CONVERSION = YES;
				CLANG_WARN_OBJC_ROOT_CLASS = YES_ERROR;
				CLANG_WARN_QUOTED_INCLUDE_IN_FRAMEWORK_HEADER = YES;
				CLANG_WARN_RANGE_LOOP_ANALYSIS = YES;
				CLANG_WARN_STRICT_PROTOTYPES = YES;
				CLANG_WARN_SUSPICIOUS_MOVE = YES;
				CLANG_WARN_UNGUARDED_AVAILABILITY = YES_AGGRESSIVE;
				CLANG_WARN_UNREACHABLE_CODE = YES;
				CLANG_WARN__DUPLICATE_METHOD_MATCH = YES;
				COPY_PHASE_STRIP = NO;
				DEBUG_INFORMATION_FORMAT = "dwarf-with-dsym";
				ENABLE_NS_ASSERTIONS = NO;
				ENABLE_STRICT_OBJC_MSGSEND = YES;
				GCC_C_LANGUAGE_STANDARD = gnu11;
				GCC_NO_COMMON_BLOCKS = YES;
				GCC_WARN_64_TO_32_BIT_CONVERSION = YES;
				GCC_WARN_ABOUT_RETURN_TYPE = YES_ERROR;
				GCC_WARN_UNDECLARED_SELECTOR = YES;
				GCC_WARN_UNINITIALIZED_AUTOS = YES_AGGRESSIVE;
				GCC_WARN_UNUSED_FUNCTION = YES;
				GCC_WARN_UNUSED_VARIABLE = YES;
				IPHONEOS_DEPLOYMENT_TARGET = 16.2;
				MTL_ENABLE_DEBUG_INFO = NO;
				MTL_FAST_MATH = YES;
				SDKROOT = iphoneos;
				SWIFT_COMPILATION_MODE = wholemodule;
				SWIFT_OPTIMIZATION_LEVEL = "-O";
				VALIDATE_PRODUCT = YES;
			};
			name = Release;
		};
		CEA77F6F2D3EAA8800A67818 /* Debug */ = {
			isa = XCBuildConfiguration;
			buildSettings = {
				ASSETCATALOG_COMPILER_APPICON_NAME = AppIcon;
				ASSETCATALOG_COMPILER_GLOBAL_ACCENT_COLOR_NAME = AccentColor;
				CODE_SIGN_STYLE = Automatic;
				CURRENT_PROJECT_VERSION = 1;
				DEVELOPMENT_ASSET_PATHS = "\"MyPetsApp/Preview Content\"";
				ENABLE_PREVIEWS = YES;
				GENERATE_INFOPLIST_FILE = YES;
				INFOPLIST_KEY_UIApplicationSceneManifest_Generation = YES;
				INFOPLIST_KEY_UIApplicationSupportsIndirectInputEvents = YES;
				INFOPLIST_KEY_UILaunchScreen_Generation = YES;
				INFOPLIST_KEY_UISupportedInterfaceOrientations_iPad = "UIInterfaceOrientationPortrait UIInterfaceOrientationPortraitUpsideDown UIInterfaceOrientationLandscapeLeft UIInterfaceOrientationLandscapeRight";
				INFOPLIST_KEY_UISupportedInterfaceOrientations_iPhone = "UIInterfaceOrientationPortrait UIInterfaceOrientationLandscapeLeft UIInterfaceOrientationLandscapeRight";
				LD_RUNPATH_SEARCH_PATHS = (
					"$(inherited)",
					"@executable_path/Frameworks",
				);
				MARKETING_VERSION = 1.0;
				PRODUCT_BUNDLE_IDENTIFIER = fhtechnikum.MyPetsApp;
				PRODUCT_NAME = "$(TARGET_NAME)";
				SWIFT_EMIT_LOC_STRINGS = YES;
				SWIFT_VERSION = 5.0;
				TARGETED_DEVICE_FAMILY = "1,2";
			};
			name = Debug;
		};
		CEA77F702D3EAA8800A67818 /* Release */ = {
			isa = XCBuildConfiguration;
			buildSettings = {
				ASSETCATALOG_COMPILER_APPICON_NAME = AppIcon;
				ASSETCATALOG_COMPILER_GLOBAL_ACCENT_COLOR_NAME = AccentColor;
				CODE_SIGN_STYLE = Automatic;
				CURRENT_PROJECT_VERSION = 1;
				DEVELOPMENT_ASSET_PATHS = "\"MyPetsApp/Preview Content\"";
				ENABLE_PREVIEWS = YES;
				GENERATE_INFOPLIST_FILE = YES;
				INFOPLIST_KEY_UIApplicationSceneManifest_Generation = YES;
				INFOPLIST_KEY_UIApplicationSupportsIndirectInputEvents = YES;
				INFOPLIST_KEY_UILaunchScreen_Generation = YES;
				INFOPLIST_KEY_UISupportedInterfaceOrientations_iPad = "UIInterfaceOrientationPortrait UIInterfaceOrientationPortraitUpsideDown UIInterfaceOrientationLandscapeLeft UIInterfaceOrientationLandscapeRight";
				INFOPLIST_KEY_UISupportedInterfaceOrientations_iPhone = "UIInterfaceOrientationPortrait UIInterfaceOrientationLandscapeLeft UIInterfaceOrientationLandscapeRight";
				LD_RUNPATH_SEARCH_PATHS = (
					"$(inherited)",
					"@executable_path/Frameworks",
				);
				MARKETING_VERSION = 1.0;
				PRODUCT_BUNDLE_IDENTIFIER = fhtechnikum.MyPetsApp;
				PRODUCT_NAME = "$(TARGET_NAME)";
				SWIFT_EMIT_LOC_STRINGS = YES;
				SWIFT_VERSION = 5.0;
				TARGETED_DEVICE_FAMILY = "1,2";
			};
			name = Release;
		};
/* End XCBuildConfiguration section */

/* Begin XCConfigurationList section */
		CEA77F5B2D3EAA8700A67818 /* Build configuration list for PBXProject "MyPetsApp" */ = {
			isa = XCConfigurationList;
			buildConfigurations = (
				CEA77F6C2D3EAA8800A67818 /* Debug */,
				CEA77F6D2D3EAA8800A67818 /* Release */,
			);
			defaultConfigurationIsVisible = 0;
			defaultConfigurationName = Release;
		};
		CEA77F6E2D3EAA8800A67818 /* Build configuration list for PBXNativeTarget "MyPetsApp" */ = {
			isa = XCConfigurationList;
			buildConfigurations = (
				CEA77F6F2D3EAA8800A67818 /* Debug */,
				CEA77F702D3EAA8800A67818 /* Release */,
			);
			defaultConfigurationIsVisible = 0;
			defaultConfigurationName = Release;
		};
/* End XCConfigurationList section */

/* Begin XCVersionGroup section */
		CE73C43B2D41610A0083A50F /* PetsModel.xcdatamodeld */ = {
			isa = XCVersionGroup;
			children = (
				CE73C43C2D41610A0083A50F /* Model.xcdatamodel */,
			);
			currentVersion = CE73C43C2D41610A0083A50F /* Model.xcdatamodel */;
			path = PetsModel.xcdatamodeld;
			sourceTree = "<group>";
			versionGroupType = wrapper.xcdatamodel;
		};
/* End XCVersionGroup section */
	};
	rootObject = CEA77F582D3EAA8700A67818 /* Project object */;
}
